
Microsoft Visual Studio Solution File, Format Version 12.00
# Visual Studio Version 17
VisualStudioVersion = 17.1.32407.343
MinimumVisualStudioVersion = 10.0.40219.1
Project("{FAE04EC0-301F-11D3-BF4B-00C04F79EFBC}") = "MultipleDiscords", "MultipleDiscords\MultipleDiscords.csproj", "{42A87927-C0DB-4A8D-BE04-9A049F1183C1}"
EndProject
Global
	GlobalSection(SolutionConfigurationPlatforms) = preSolution
		Debug|Any CPU = Debug|Any CPU
		Release|Any CPU = Release|Any CPU
	EndGlobalSection
	GlobalSection(ProjectConfigurationPlatforms) = postSolution
		{42A87927-C0DB-4A8D-BE04-9A049F1183C1}.Debug|Any CPU.ActiveCfg = Debug|Any CPU
		{42A87927-C0DB-4A8D-BE04-9A049F1183C1}.Debug|Any CPU.Build.0 = Debug|Any CPU
		{42A87927-C0DB-4A8D-BE04-9A049F1183C1}.Release|Any CPU.ActiveCfg = Release|Any CPU
		{42A87927-C0DB-4A8D-BE04-9A049F1183C1}.Release|Any CPU.Build.0 = Release|Any CPU
	EndGlobalSection
	GlobalSection(SolutionProperties) = preSolution
		HideSolutionNode = FALSE
	EndGlobalSection
	GlobalSection(ExtensibilityGlobals) = postSolution
		SolutionGuid = {211C0581-7D45-4F06-9EB4-D639263D4781}
	EndGlobalSection
EndGlobal
